lockfileVersion: 5.4

specifiers:
  dotenv: ^16.0.3
  kafkajs: ^2.2.3

dependencies:
  dotenv: 16.0.3
  kafkajs: 2.2.3

packages:

  /dotenv/16.0.3:
    resolution: {integrity: sha512-7GO6HghkA5fYG9TYnNxi14/7K9f5occMlp3zXAuSxn7CKCxt9xbNWG7yF8hTCSUchlfWSe3uLmlPfigevRItzQ==}
    engines: {node: '>=12'}
    dev: false

  /kafkajs/2.2.3:
    resolution: {integrity: sha512-JmzIiLHE/TdQ7b4I2B/DNMtfhTh66fmEaEg7gGkyQXBC6f1A7I2jSjeUsVIJfC8d9YcEIURyBjtOEKBO5OHVhg==}
    engines: {node: '>=14.0.0'}
    dev: false
